<?xml version="1.0" encoding="utf-8"?>
<Project ToolsVersion="15.0" xmlns="http://schemas.microsoft.com/developer/msbuild/2003">
  <ItemGroup>
    <ClCompile Include="D:\darknet\src\darknet.c">
      <Filter>Source Files</Filter>
    </ClCompile>
    <ClCompile Include="D:\darknet\src\activation_layer.c">
      <Filter>Source Files</Filter>
    </ClCompile>
    <ClCompile Include="D:\darknet\src\activations.c">
      <Filter>Source Files</Filter>
    </ClCompile>
    <ClCompile Include="D:\darknet\src\art.c">
      <Filter>Source Files</Filter>
    </ClCompile>
    <ClCompile Include="D:\darknet\src\avgpool_layer.c">
      <Filter>Source Files</Filter>
    </ClCompile>
    <ClCompile Include="D:\darknet\src\batchnorm_layer.c">
      <Filter>Source Files</Filter>
    </ClCompile>
    <ClCompile Include="D:\darknet\src\blas.c">
      <Filter>Source Files</Filter>
    </ClCompile>
    <ClCompile Include="D:\darknet\src\box.c">
      <Filter>Source Files</Filter>
    </ClCompile>
    <ClCompile Include="D:\darknet\src\captcha.c">
      <Filter>Source Files</Filter>
    </ClCompile>
    <ClCompile Include="D:\darknet\src\cifar.c">
      <Filter>Source Files</Filter>
    </ClCompile>
    <ClCompile Include="D:\darknet\src\classifier.c">
      <Filter>Source Files</Filter>
    </ClCompile>
    <ClCompile Include="D:\darknet\src\coco.c">
      <Filter>Source Files</Filter>
    </ClCompile>
    <ClCompile Include="D:\darknet\src\col2im.c">
      <Filter>Source Files</Filter>
    </ClCompile>
    <ClCompile Include="D:\darknet\src\compare.c">
      <Filter>Source Files</Filter>
    </ClCompile>
    <ClCompile Include="D:\darknet\src\connected_layer.c">
      <Filter>Source Files</Filter>
    </ClCompile>
    <ClCompile Include="D:\darknet\src\convolutional_layer.c">
      <Filter>Source Files</Filter>
    </ClCompile>
    <ClCompile Include="D:\darknet\src\cost_layer.c">
      <Filter>Source Files</Filter>
    </ClCompile>
    <ClCompile Include="D:\darknet\src\cpu_gemm.c">
      <Filter>Source Files</Filter>
    </ClCompile>
    <ClCompile Include="D:\darknet\src\crnn_layer.c">
      <Filter>Source Files</Filter>
    </ClCompile>
    <ClCompile Include="D:\darknet\src\crop_layer.c">
      <Filter>Source Files</Filter>
    </ClCompile>
    <ClCompile Include="D:\darknet\src\dark_cuda.c">
      <Filter>Source Files</Filter>
    </ClCompile>
    <ClCompile Include="D:\darknet\src\data.c">
      <Filter>Source Files</Filter>
    </ClCompile>
    <ClCompile Include="D:\darknet\src\deconvolutional_layer.c">
      <Filter>Source Files</Filter>
    </ClCompile>
    <ClCompile Include="D:\darknet\src\demo.c">
      <Filter>Source Files</Filter>
    </ClCompile>
    <ClCompile Include="D:\darknet\src\detection_layer.c">
      <Filter>Source Files</Filter>
    </ClCompile>
    <ClCompile Include="D:\darknet\src\detector.c">
      <Filter>Source Files</Filter>
    </ClCompile>
    <ClCompile Include="D:\darknet\src\dice.c">
      <Filter>Source Files</Filter>
    </ClCompile>
    <ClCompile Include="D:\darknet\src\dropout_layer.c">
      <Filter>Source Files</Filter>
    </ClCompile>
    <ClCompile Include="D:\darknet\src\gemm.c">
      <Filter>Source Files</Filter>
    </ClCompile>
    <ClCompile Include="D:\darknet\src\go.c">
      <Filter>Source Files</Filter>
    </ClCompile>
    <ClCompile Include="D:\darknet\src\gru_layer.c">
      <Filter>Source Files</Filter>
    </ClCompile>
    <ClCompile Include="D:\darknet\src\im2col.c">
      <Filter>Source Files</Filter>
    </ClCompile>
    <ClCompile Include="D:\darknet\src\image.c">
      <Filter>Source Files</Filter>
    </ClCompile>
    <ClCompile Include="D:\darknet\src\layer.c">
      <Filter>Source Files</Filter>
    </ClCompile>
    <ClCompile Include="D:\darknet\src\list.c">
      <Filter>Source Files</Filter>
    </ClCompile>
    <ClCompile Include="D:\darknet\src\local_layer.c">
      <Filter>Source Files</Filter>
    </ClCompile>
    <ClCompile Include="D:\darknet\src\lstm_layer.c">
      <Filter>Source Files</Filter>
    </ClCompile>
    <ClCompile Include="D:\darknet\src\matrix.c">
      <Filter>Source Files</Filter>
    </ClCompile>
    <ClCompile Include="D:\darknet\src\maxpool_layer.c">
      <Filter>Source Files</Filter>
    </ClCompile>
    <ClCompile Include="D:\darknet\src\network.c">
      <Filter>Source Files</Filter>
    </ClCompile>
    <ClCompile Include="D:\darknet\src\nightmare.c">
      <Filter>Source Files</Filter>
    </ClCompile>
    <ClCompile Include="D:\darknet\src\normalization_layer.c">
      <Filter>Source Files</Filter>
    </ClCompile>
    <ClCompile Include="D:\darknet\src\option_list.c">
      <Filter>Source Files</Filter>
    </ClCompile>
    <ClCompile Include="D:\darknet\src\parser.c">
      <Filter>Source Files</Filter>
    </ClCompile>
    <ClCompile Include="D:\darknet\src\region_layer.c">
      <Filter>Source Files</Filter>
    </ClCompile>
    <ClCompile Include="D:\darknet\src\reorg_layer.c">
      <Filter>Source Files</Filter>
    </ClCompile>
    <ClCompile Include="D:\darknet\src\reorg_old_layer.c">
      <Filter>Source Files</Filter>
    </ClCompile>
    <ClCompile Include="D:\darknet\src\rnn.c">
      <Filter>Source Files</Filter>
    </ClCompile>
    <ClCompile Include="D:\darknet\src\rnn_layer.c">
      <Filter>Source Files</Filter>
    </ClCompile>
    <ClCompile Include="D:\darknet\src\rnn_vid.c">
      <Filter>Source Files</Filter>
    </ClCompile>
    <ClCompile Include="D:\darknet\src\route_layer.c">
      <Filter>Source Files</Filter>
    </ClCompile>
    <ClCompile Include="D:\darknet\src\shortcut_layer.c">
      <Filter>Source Files</Filter>
    </ClCompile>
    <ClCompile Include="D:\darknet\src\softmax_layer.c">
      <Filter>Source Files</Filter>
    </ClCompile>
    <ClCompile Include="D:\darknet\src\super.c">
      <Filter>Source Files</Filter>
    </ClCompile>
    <ClCompile Include="D:\darknet\src\swag.c">
      <Filter>Source Files</Filter>
    </ClCompile>
    <ClCompile Include="D:\darknet\src\tag.c">
      <Filter>Source Files</Filter>
    </ClCompile>
    <ClCompile Include="D:\darknet\src\tree.c">
      <Filter>Source Files</Filter>
    </ClCompile>
    <ClCompile Include="D:\darknet\src\upsample_layer.c">
      <Filter>Source Files</Filter>
    </ClCompile>
    <ClCompile Include="D:\darknet\src\utils.c">
      <Filter>Source Files</Filter>
    </ClCompile>
    <ClCompile Include="D:\darknet\src\voxel.c">
      <Filter>Source Files</Filter>
    </ClCompile>
    <ClCompile Include="D:\darknet\src\writing.c">
      <Filter>Source Files</Filter>
    </ClCompile>
    <ClCompile Include="D:\darknet\src\yolo.c">
      <Filter>Source Files</Filter>
    </ClCompile>
    <ClCompile Include="D:\darknet\src\yolo_layer.c">
      <Filter>Source Files</Filter>
    </ClCompile>
    <ClCompile Include="D:\darknet\src\http_stream.cpp">
      <Filter>Source Files</Filter>
    </ClCompile>
    <ClCompile Include="D:\darknet\src\image_opencv.cpp">
      <Filter>Source Files</Filter>
    </ClCompile>
    <ClCompile Include="D:\darknet\src\gettimeofday.c">
      <Filter>Source Files</Filter>
    </ClCompile>
    <ClCompile Include="D:\darknet\src\getopt.c">
      <Filter>Source Files</Filter>
    </ClCompile>
  </ItemGroup>
  <ItemGroup>
    <ClInclude Include="D:\darknet\src\activation_layer.h">
      <Filter>Header Files</Filter>
    </ClInclude>
    <ClInclude Include="D:\darknet\src\activations.h">
      <Filter>Header Files</Filter>
    </ClInclude>
    <ClInclude Include="D:\darknet\src\avgpool_layer.h">
      <Filter>Header Files</Filter>
    </ClInclude>
    <ClInclude Include="D:\darknet\src\batchnorm_layer.h">
      <Filter>Header Files</Filter>
    </ClInclude>
    <ClInclude Include="D:\darknet\src\blas.h">
      <Filter>Header Files</Filter>
    </ClInclude>
    <ClInclude Include="D:\darknet\src\box.h">
      <Filter>Header Files</Filter>
    </ClInclude>
    <ClInclude Include="D:\darknet\src\classifier.h">
      <Filter>Header Files</Filter>
    </ClInclude>
    <ClInclude Include="D:\darknet\src\col2im.h">
      <Filter>Header Files</Filter>
    </ClInclude>
    <ClInclude Include="D:\darknet\src\connected_layer.h">
      <Filter>Header Files</Filter>
    </ClInclude>
    <ClInclude Include="D:\darknet\src\convolutional_layer.h">
      <Filter>Header Files</Filter>
    </ClInclude>
    <ClInclude Include="D:\darknet\src\cost_layer.h">
      <Filter>Header Files</Filter>
    </ClInclude>
    <ClInclude Include="D:\darknet\src\crnn_layer.h">
      <Filter>Header Files</Filter>
    </ClInclude>
    <ClInclude Include="D:\darknet\src\crop_layer.h">
      <Filter>Header Files</Filter>
    </ClInclude>
    <ClInclude Include="D:\darknet\src\dark_cuda.h">
      <Filter>Header Files</Filter>
    </ClInclude>
    <ClInclude Include="D:\darknet\src\darkunistd.h">
      <Filter>Header Files</Filter>
    </ClInclude>
    <ClInclude Include="D:\darknet\src\data.h">
      <Filter>Header Files</Filter>
    </ClInclude>
    <ClInclude Include="D:\darknet\src\deconvolutional_layer.h">
      <Filter>Header Files</Filter>
    </ClInclude>
    <ClInclude Include="D:\darknet\src\demo.h">
      <Filter>Header Files</Filter>
    </ClInclude>
    <ClInclude Include="D:\darknet\src\detection_layer.h">
      <Filter>Header Files</Filter>
    </ClInclude>
    <ClInclude Include="D:\darknet\src\dropout_layer.h">
      <Filter>Header Files</Filter>
    </ClInclude>
    <ClInclude Include="D:\darknet\src\gemm.h">
      <Filter>Header Files</Filter>
    </ClInclude>
    <ClInclude Include="D:\darknet\src\gru_layer.h">
      <Filter>Header Files</Filter>
    </ClInclude>
    <ClInclude Include="D:\darknet\src\http_stream.h">
      <Filter>Header Files</Filter>
    </ClInclude>
    <ClInclude Include="D:\darknet\src\im2col.h">
      <Filter>Header Files</Filter>
    </ClInclude>
    <ClInclude Include="D:\darknet\src\image.h">
      <Filter>Header Files</Filter>
    </ClInclude>
    <ClInclude Include="D:\darknet\src\image_opencv.h">
      <Filter>Header Files</Filter>
    </ClInclude>
    <ClInclude Include="D:\darknet\src\layer.h">
      <Filter>Header Files</Filter>
    </ClInclude>
    <ClInclude Include="D:\darknet\src\list.h">
      <Filter>Header Files</Filter>
    </ClInclude>
    <ClInclude Include="D:\darknet\src\local_layer.h">
      <Filter>Header Files</Filter>
    </ClInclude>
    <ClInclude Include="D:\darknet\src\lstm_layer.h">
      <Filter>Header Files</Filter>
    </ClInclude>
    <ClInclude Include="D:\darknet\src\matrix.h">
      <Filter>Header Files</Filter>
    </ClInclude>
    <ClInclude Include="D:\darknet\src\maxpool_layer.h">
      <Filter>Header Files</Filter>
    </ClInclude>
    <ClInclude Include="D:\darknet\src\network.h">
      <Filter>Header Files</Filter>
    </ClInclude>
    <ClInclude Include="D:\darknet\src\normalization_layer.h">
      <Filter>Header Files</Filter>
    </ClInclude>
    <ClInclude Include="D:\darknet\src\option_list.h">
      <Filter>Header Files</Filter>
    </ClInclude>
    <ClInclude Include="D:\darknet\src\parser.h">
      <Filter>Header Files</Filter>
    </ClInclude>
    <ClInclude Include="D:\darknet\src\region_layer.h">
      <Filter>Header Files</Filter>
    </ClInclude>
    <ClInclude Include="D:\darknet\src\reorg_layer.h">
      <Filter>Header Files</Filter>
    </ClInclude>
    <ClInclude Include="D:\darknet\src\reorg_old_layer.h">
      <Filter>Header Files</Filter>
    </ClInclude>
    <ClInclude Include="D:\darknet\src\rnn_layer.h">
      <Filter>Header Files</Filter>
    </ClInclude>
    <ClInclude Include="D:\darknet\src\route_layer.h">
      <Filter>Header Files</Filter>
    </ClInclude>
    <ClInclude Include="D:\darknet\src\shortcut_layer.h">
      <Filter>Header Files</Filter>
    </ClInclude>
    <ClInclude Include="D:\darknet\src\softmax_layer.h">
      <Filter>Header Files</Filter>
    </ClInclude>
    <ClInclude Include="D:\darknet\src\tree.h">
      <Filter>Header Files</Filter>
    </ClInclude>
    <ClInclude Include="D:\darknet\src\upsample_layer.h">
      <Filter>Header Files</Filter>
    </ClInclude>
    <ClInclude Include="D:\darknet\src\utils.h">
      <Filter>Header Files</Filter>
    </ClInclude>
    <ClInclude Include="D:\darknet\src\yolo_layer.h">
      <Filter>Header Files</Filter>
    </ClInclude>
    <ClInclude Include="D:\darknet\include\darknet.h">
      <Filter>Header Files</Filter>
    </ClInclude>
    <ClInclude Include="D:\darknet\src\gettimeofday.h">
      <Filter>Header Files</Filter>
    </ClInclude>
    <ClInclude Include="D:\darknet\src\getopt.h">
      <Filter>Header Files</Filter>
    </ClInclude>
  </ItemGroup>
  <ItemGroup>
    <CustomBuild Include="D:\darknet\CMakeLists.txt" />
  </ItemGroup>
  <ItemGroup>
    <Filter Include="Header Files">
      <UniqueIdentifier>{4DAEB16C-44A2-3F9F-8066-20FFC0FF8F32}</UniqueIdentifier>
    </Filter>
    <Filter Include="Source Files">
      <UniqueIdentifier>{E71AEBC2-32F7-3986-87AF-7EB0E207616D}</UniqueIdentifier>
    </Filter>
  </ItemGroup>
</Project>
