Microsoft Visual Studio Solution File, Format Version 12.00
# Visual Studio 15
Project("{8BC9CEB8-8B4A-11D0-8D11-00A0C91BC942}") = "ALL_BUILD", "ALL_BUILD.vcxproj", "{6F6E9D89-C496-32DB-9B0A-3442AC541D99}"
	ProjectSection(ProjectDependencies) = postProject
		{A98B36D0-0458-3F91-A6F7-8EE1F22BB481} = {A98B36D0-0458-3F91-A6F7-8EE1F22BB481}
		{4936E3D3-590D-3993-8F71-7EA086AD2DC9} = {4936E3D3-590D-3993-8F71-7EA086AD2DC9}
		{1B61A3C8-05F1-32FF-8C54-7E993AE50D24} = {1B61A3C8-05F1-32FF-8C54-7E993AE50D24}
		{D0AB7CE1-E559-387E-9605-127B583C1DA2} = {D0AB7CE1-E559-387E-9605-127B583C1DA2}
		{E72548CB-7419-30C4-B320-CCEE4A00B7A6} = {E72548CB-7419-30C4-B320-CCEE4A00B7A6}
	EndProjectSection
EndProject
Project("{8BC9CEB8-8B4A-11D0-8D11-00A0C91BC942}") = "INSTALL", "INSTALL.vcxproj", "{C5110B86-A76A-304E-9C37-22245F678CAE}"
	ProjectSection(ProjectDependencies) = postProject
		{6F6E9D89-C496-32DB-9B0A-3442AC541D99} = {6F6E9D89-C496-32DB-9B0A-3442AC541D99}
		{A98B36D0-0458-3F91-A6F7-8EE1F22BB481} = {A98B36D0-0458-3F91-A6F7-8EE1F22BB481}
	EndProjectSection
EndProject
Project("{8BC9CEB8-8B4A-11D0-8D11-00A0C91BC942}") = "ZERO_CHECK", "ZERO_CHECK.vcxproj", "{A98B36D0-0458-3F91-A6F7-8EE1F22BB481}"
	ProjectSection(ProjectDependencies) = postProject
	EndProjectSection
EndProject
Project("{8BC9CEB8-8B4A-11D0-8D11-00A0C91BC942}") = "darklib", "darklib.vcxproj", "{4936E3D3-590D-3993-8F71-7EA086AD2DC9}"
	ProjectSection(ProjectDependencies) = postProject
		{A98B36D0-0458-3F91-A6F7-8EE1F22BB481} = {A98B36D0-0458-3F91-A6F7-8EE1F22BB481}
	EndProjectSection
EndProject
Project("{8BC9CEB8-8B4A-11D0-8D11-00A0C91BC942}") = "darknet", "darknet.vcxproj", "{1B61A3C8-05F1-32FF-8C54-7E993AE50D24}"
	ProjectSection(ProjectDependencies) = postProject
		{A98B36D0-0458-3F91-A6F7-8EE1F22BB481} = {A98B36D0-0458-3F91-A6F7-8EE1F22BB481}
	EndProjectSection
EndProject
Project("{8BC9CEB8-8B4A-11D0-8D11-00A0C91BC942}") = "uselib", "uselib.vcxproj", "{D0AB7CE1-E559-387E-9605-127B583C1DA2}"
	ProjectSection(ProjectDependencies) = postProject
		{A98B36D0-0458-3F91-A6F7-8EE1F22BB481} = {A98B36D0-0458-3F91-A6F7-8EE1F22BB481}
		{4936E3D3-590D-3993-8F71-7EA086AD2DC9} = {4936E3D3-590D-3993-8F71-7EA086AD2DC9}
	EndProjectSection
EndProject
Project("{8BC9CEB8-8B4A-11D0-8D11-00A0C91BC942}") = "uselib_track", "uselib_track.vcxproj", "{E72548CB-7419-30C4-B320-CCEE4A00B7A6}"
	ProjectSection(ProjectDependencies) = postProject
		{A98B36D0-0458-3F91-A6F7-8EE1F22BB481} = {A98B36D0-0458-3F91-A6F7-8EE1F22BB481}
		{4936E3D3-590D-3993-8F71-7EA086AD2DC9} = {4936E3D3-590D-3993-8F71-7EA086AD2DC9}
	EndProjectSection
EndProject
Global
	GlobalSection(SolutionConfigurationPlatforms) = preSolution
		Debug|x64 = Debug|x64
		Release|x64 = Release|x64
		MinSizeRel|x64 = MinSizeRel|x64
		RelWithDebInfo|x64 = RelWithDebInfo|x64
	EndGlobalSection
	GlobalSection(ProjectConfigurationPlatforms) = postSolution
		{6F6E9D89-C496-32DB-9B0A-3442AC541D99}.Debug|x64.ActiveCfg = Debug|x64
		{6F6E9D89-C496-32DB-9B0A-3442AC541D99}.Debug|x64.Build.0 = Debug|x64
		{6F6E9D89-C496-32DB-9B0A-3442AC541D99}.Release|x64.ActiveCfg = Release|x64
		{6F6E9D89-C496-32DB-9B0A-3442AC541D99}.Release|x64.Build.0 = Release|x64
		{6F6E9D89-C496-32DB-9B0A-3442AC541D99}.MinSizeRel|x64.ActiveCfg = MinSizeRel|x64
		{6F6E9D89-C496-32DB-9B0A-3442AC541D99}.MinSizeRel|x64.Build.0 = MinSizeRel|x64
		{6F6E9D89-C496-32DB-9B0A-3442AC541D99}.RelWithDebInfo|x64.ActiveCfg = RelWithDebInfo|x64
		{6F6E9D89-C496-32DB-9B0A-3442AC541D99}.RelWithDebInfo|x64.Build.0 = RelWithDebInfo|x64
		{C5110B86-A76A-304E-9C37-22245F678CAE}.Debug|x64.ActiveCfg = Debug|x64
		{C5110B86-A76A-304E-9C37-22245F678CAE}.Release|x64.ActiveCfg = Release|x64
		{C5110B86-A76A-304E-9C37-22245F678CAE}.MinSizeRel|x64.ActiveCfg = MinSizeRel|x64
		{C5110B86-A76A-304E-9C37-22245F678CAE}.RelWithDebInfo|x64.ActiveCfg = RelWithDebInfo|x64
		{A98B36D0-0458-3F91-A6F7-8EE1F22BB481}.Debug|x64.ActiveCfg = Debug|x64
		{A98B36D0-0458-3F91-A6F7-8EE1F22BB481}.Debug|x64.Build.0 = Debug|x64
		{A98B36D0-0458-3F91-A6F7-8EE1F22BB481}.Release|x64.ActiveCfg = Release|x64
		{A98B36D0-0458-3F91-A6F7-8EE1F22BB481}.Release|x64.Build.0 = Release|x64
		{A98B36D0-0458-3F91-A6F7-8EE1F22BB481}.MinSizeRel|x64.ActiveCfg = MinSizeRel|x64
		{A98B36D0-0458-3F91-A6F7-8EE1F22BB481}.MinSizeRel|x64.Build.0 = MinSizeRel|x64
		{A98B36D0-0458-3F91-A6F7-8EE1F22BB481}.RelWithDebInfo|x64.ActiveCfg = RelWithDebInfo|x64
		{A98B36D0-0458-3F91-A6F7-8EE1F22BB481}.RelWithDebInfo|x64.Build.0 = RelWithDebInfo|x64
		{4936E3D3-590D-3993-8F71-7EA086AD2DC9}.Debug|x64.ActiveCfg = Debug|x64
		{4936E3D3-590D-3993-8F71-7EA086AD2DC9}.Debug|x64.Build.0 = Debug|x64
		{4936E3D3-590D-3993-8F71-7EA086AD2DC9}.Release|x64.ActiveCfg = Release|x64
		{4936E3D3-590D-3993-8F71-7EA086AD2DC9}.Release|x64.Build.0 = Release|x64
		{4936E3D3-590D-3993-8F71-7EA086AD2DC9}.MinSizeRel|x64.ActiveCfg = MinSizeRel|x64
		{4936E3D3-590D-3993-8F71-7EA086AD2DC9}.MinSizeRel|x64.Build.0 = MinSizeRel|x64
		{4936E3D3-590D-3993-8F71-7EA086AD2DC9}.RelWithDebInfo|x64.ActiveCfg = RelWithDebInfo|x64
		{4936E3D3-590D-3993-8F71-7EA086AD2DC9}.RelWithDebInfo|x64.Build.0 = RelWithDebInfo|x64
		{1B61A3C8-05F1-32FF-8C54-7E993AE50D24}.Debug|x64.ActiveCfg = Debug|x64
		{1B61A3C8-05F1-32FF-8C54-7E993AE50D24}.Debug|x64.Build.0 = Debug|x64
		{1B61A3C8-05F1-32FF-8C54-7E993AE50D24}.Release|x64.ActiveCfg = Release|x64
		{1B61A3C8-05F1-32FF-8C54-7E993AE50D24}.Release|x64.Build.0 = Release|x64
		{1B61A3C8-05F1-32FF-8C54-7E993AE50D24}.MinSizeRel|x64.ActiveCfg = MinSizeRel|x64
		{1B61A3C8-05F1-32FF-8C54-7E993AE50D24}.MinSizeRel|x64.Build.0 = MinSizeRel|x64
		{1B61A3C8-05F1-32FF-8C54-7E993AE50D24}.RelWithDebInfo|x64.ActiveCfg = RelWithDebInfo|x64
		{1B61A3C8-05F1-32FF-8C54-7E993AE50D24}.RelWithDebInfo|x64.Build.0 = RelWithDebInfo|x64
		{D0AB7CE1-E559-387E-9605-127B583C1DA2}.Debug|x64.ActiveCfg = Debug|x64
		{D0AB7CE1-E559-387E-9605-127B583C1DA2}.Debug|x64.Build.0 = Debug|x64
		{D0AB7CE1-E559-387E-9605-127B583C1DA2}.Release|x64.ActiveCfg = Release|x64
		{D0AB7CE1-E559-387E-9605-127B583C1DA2}.Release|x64.Build.0 = Release|x64
		{D0AB7CE1-E559-387E-9605-127B583C1DA2}.MinSizeRel|x64.ActiveCfg = MinSizeRel|x64
		{D0AB7CE1-E559-387E-9605-127B583C1DA2}.MinSizeRel|x64.Build.0 = MinSizeRel|x64
		{D0AB7CE1-E559-387E-9605-127B583C1DA2}.RelWithDebInfo|x64.ActiveCfg = RelWithDebInfo|x64
		{D0AB7CE1-E559-387E-9605-127B583C1DA2}.RelWithDebInfo|x64.Build.0 = RelWithDebInfo|x64
		{E72548CB-7419-30C4-B320-CCEE4A00B7A6}.Debug|x64.ActiveCfg = Debug|x64
		{E72548CB-7419-30C4-B320-CCEE4A00B7A6}.Debug|x64.Build.0 = Debug|x64
		{E72548CB-7419-30C4-B320-CCEE4A00B7A6}.Release|x64.ActiveCfg = Release|x64
		{E72548CB-7419-30C4-B320-CCEE4A00B7A6}.Release|x64.Build.0 = Release|x64
		{E72548CB-7419-30C4-B320-CCEE4A00B7A6}.MinSizeRel|x64.ActiveCfg = MinSizeRel|x64
		{E72548CB-7419-30C4-B320-CCEE4A00B7A6}.MinSizeRel|x64.Build.0 = MinSizeRel|x64
		{E72548CB-7419-30C4-B320-CCEE4A00B7A6}.RelWithDebInfo|x64.ActiveCfg = RelWithDebInfo|x64
		{E72548CB-7419-30C4-B320-CCEE4A00B7A6}.RelWithDebInfo|x64.Build.0 = RelWithDebInfo|x64
	EndGlobalSection
	GlobalSection(ExtensibilityGlobals) = postSolution
		SolutionGuid = {13172414-5E42-3236-A97B-BCDA58C22C0A}
	EndGlobalSection
	GlobalSection(ExtensibilityAddIns) = postSolution
	EndGlobalSection
EndGlobal
